
Microsoft Visual Studio Solution File, Format Version 12.00
# Visual Studio Version 17
VisualStudioVersion = 17.14.36310.24 d17.14
MinimumVisualStudioVersion = 10.0.40219.1
Project("{FAE04EC0-301F-11D3-BF4B-00C04F79EFBC}") = "UserApiDemo", "UserApiDemo\UserApiDemo.csproj", "{32CFABFE-CE14-4D32-BC6C-B9AFFF1CE580}"
EndProject
Global
	GlobalSection(SolutionConfigurationPlatforms) = preSolution
		Debug|Any CPU = Debug|Any CPU
		Release|Any CPU = Release|Any CPU
	EndGlobalSection
	GlobalSection(ProjectConfigurationPlatforms) = postSolution
		{32CFABFE-CE14-4D32-BC6C-B9AFFF1CE580}.Debug|Any CPU.ActiveCfg = Debug|Any CPU
		{32CFABFE-CE14-4D32-BC6C-B9AFFF1CE580}.Debug|Any CPU.Build.0 = Debug|Any CPU
		{32CFABFE-CE14-4D32-BC6C-B9AFFF1CE580}.Release|Any CPU.ActiveCfg = Release|Any CPU
		{32CFABFE-CE14-4D32-BC6C-B9AFFF1CE580}.Release|Any CPU.Build.0 = Release|Any CPU
	EndGlobalSection
	GlobalSection(SolutionProperties) = preSolution
		HideSolutionNode = FALSE
	EndGlobalSection
	GlobalSection(ExtensibilityGlobals) = postSolution
		SolutionGuid = {0604FE59-A8FF-48D2-A3AF-1F587F729DE6}
	EndGlobalSection
EndGlobal
